{
  "name": "maxi-sports-client-js",
  "version": "1.0.0",
  "lockfileVersion": 3,
  "requires": true,
  "packages": {
    "": {
      "name": "maxi-sports-client-js",
      "version": "1.0.0",
      "hasInstallScript": true,
      "dependencies": {
        "maxi": "github:maxi-format/maxi-javascript"
      }
    },
    "node_modules/maxi": {
      "version": "0.1.0",
      "resolved": "git+ssh://git@github.com/maxi-format/maxi-javascript.git#e33e2e3a75e9a84643882d1807ccd3f090eee838",
      "license": "MIT"
    }
  }
}
