{
  "name": "maxi-sports-client-js",
  "version": "1.0.0",
  "lockfileVersion": 3,
  "requires": true,
  "packages": {
    "": {
      "name": "maxi-sports-client-js",
      "version": "1.0.0",
      "dependencies": {
        "@maxi-format/maxi": "^0.3.0"
      }
    },
    "node_modules/@maxi-format/maxi": {
      "version": "0.3.0",
      "resolved": "https://registry.npmjs.org/@maxi-format/maxi/-/maxi-0.3.0.tgz",
      "integrity": "sha512-prklLxxs8IbpY1s/5arfeOn3klwd85udnLG9FGPaiFzos4n3znNIk54XnVKD/hBG7paGxCUPzI7WtqVK/aNrUg==",
      "license": "MIT"
    }
  }
}
